
Microsoft Visual Studio Solution File, Format Version 12.00
# Visual Studio Version 17
VisualStudioVersion = 17.3.32922.545
MinimumVisualStudioVersion = 10.0.40219.1
Project("{8BC9CEB8-8B4A-11D0-8D11-00A0C91BC942}") = "AdventOfCode4", "AdventOfCode4\AdventOfCode4.vcxproj", "{9B69F630-4384-4356-B7E0-0DB1BA8E3D6D}"
EndProject
Project("{8BC9CEB8-8B4A-11D0-8D11-00A0C91BC942}") = "day5", "day5\day5.vcxproj", "{DA8A0218-F212-45A0-BC81-54C513164F19}"
EndProject
Project("{8BC9CEB8-8B4A-11D0-8D11-00A0C91BC942}") = "day6", "day6\day6.vcxproj", "{A9079C9F-58E9-479C-9B06-AD105F09282B}"
EndProject
Project("{8BC9CEB8-8B4A-11D0-8D11-00A0C91BC942}") = "day7", "day7\day7.vcxproj", "{06486309-4BFE-4F74-9DB8-CFE95387FFAE}"
EndProject
Project("{8BC9CEB8-8B4A-11D0-8D11-00A0C91BC942}") = "Day8", "Day8\Day8.vcxproj", "{0F2C6CA1-75FA-4A37-AEDE-2AFD14E555BD}"
EndProject
Project("{8BC9CEB8-8B4A-11D0-8D11-00A0C91BC942}") = "Day9", "Day9\Day9.vcxproj", "{2D2EBC58-381F-496B-948C-D65DE2EB4736}"
EndProject
Project("{8BC9CEB8-8B4A-11D0-8D11-00A0C91BC942}") = "Day10", "Day10\Day10.vcxproj", "{6C993F95-DD85-4CA2-ABDC-D2CA176823E4}"
EndProject
Project("{8BC9CEB8-8B4A-11D0-8D11-00A0C91BC942}") = "Day11", "Day11\Day11.vcxproj", "{47EB4D0C-CBCE-4B85-95DC-59A36F30CC6F}"
EndProject
Project("{8BC9CEB8-8B4A-11D0-8D11-00A0C91BC942}") = "Day12", "Day12\Day12.vcxproj", "{8911CBF5-C483-4AAC-B8FC-18DBC9E9C0D7}"
EndProject
Project("{FAE04EC0-301F-11D3-BF4B-00C04F79EFBC}") = "Day13", "Day13\Day13.csproj", "{5C467117-16AA-46E9-AA06-68BEBD2E98E4}"
EndProject
Project("{9A19103F-16F7-4668-BE54-9A1E7A4F7556}") = "Day14", "Day14\Day14.csproj", "{92FFE7D6-630C-4488-AE82-29354C737E7C}"
EndProject
Project("{8BC9CEB8-8B4A-11D0-8D11-00A0C91BC942}") = "Day15", "Day15\Day15.vcxproj", "{3ED980A2-45F4-429D-92FA-6DFAF001DCF9}"
EndProject
Project("{8BC9CEB8-8B4A-11D0-8D11-00A0C91BC942}") = "Day16", "Day16\Day16.vcxproj", "{C6553C2A-DA14-4279-8832-67FD539F8292}"
EndProject
Project("{8BC9CEB8-8B4A-11D0-8D11-00A0C91BC942}") = "Day17", "Day17\Day17.vcxproj", "{A3DA8489-E0D8-4B66-A48D-64FB6013ADE6}"
EndProject
Project("{9A19103F-16F7-4668-BE54-9A1E7A4F7556}") = "Day18", "Day18\Day18.csproj", "{342C3E1A-8882-48B1-8BD5-0226F3A7D0D9}"
EndProject
Project("{8BC9CEB8-8B4A-11D0-8D11-00A0C91BC942}") = "Day19", "Day19\Day19.vcxproj", "{DC64465C-E921-400B-957E-9C6A9C9AE468}"
EndProject
Project("{9A19103F-16F7-4668-BE54-9A1E7A4F7556}") = "Day20", "Day20\Day20.csproj", "{EB331202-823A-4775-BDB3-DA49BE58529E}"
EndProject
Project("{9A19103F-16F7-4668-BE54-9A1E7A4F7556}") = "Day21", "Day21\Day21.csproj", "{77FBEF8E-C790-4ED5-8A94-3B0A0A8AC702}"
EndProject
Project("{8BC9CEB8-8B4A-11D0-8D11-00A0C91BC942}") = "Day22", "Day22\Day22.vcxproj", "{7BB09ACC-4377-42DD-A2EC-F6A650C9A910}"
EndProject
Project("{8BC9CEB8-8B4A-11D0-8D11-00A0C91BC942}") = "Day23", "Day23\Day23.vcxproj", "{503DAD8A-3AFC-4F40-8317-30C99AC3458D}"
EndProject
Global
	GlobalSection(SolutionConfigurationPlatforms) = preSolution
		Debug|Any CPU = Debug|Any CPU
		Debug|x64 = Debug|x64
		Debug|x86 = Debug|x86
		Release|Any CPU = Release|Any CPU
		Release|x64 = Release|x64
		Release|x86 = Release|x86
	EndGlobalSection
	GlobalSection(ProjectConfigurationPlatforms) = postSolution
		{9B69F630-4384-4356-B7E0-0DB1BA8E3D6D}.Debug|Any CPU.ActiveCfg = Debug|x64
		{9B69F630-4384-4356-B7E0-0DB1BA8E3D6D}.Debug|Any CPU.Build.0 = Debug|x64
		{9B69F630-4384-4356-B7E0-0DB1BA8E3D6D}.Debug|x64.ActiveCfg = Debug|x64
		{9B69F630-4384-4356-B7E0-0DB1BA8E3D6D}.Debug|x64.Build.0 = Debug|x64
		{9B69F630-4384-4356-B7E0-0DB1BA8E3D6D}.Debug|x86.ActiveCfg = Debug|Win32
		{9B69F630-4384-4356-B7E0-0DB1BA8E3D6D}.Debug|x86.Build.0 = Debug|Win32
		{9B69F630-4384-4356-B7E0-0DB1BA8E3D6D}.Release|Any CPU.ActiveCfg = Release|x64
		{9B69F630-4384-4356-B7E0-0DB1BA8E3D6D}.Release|Any CPU.Build.0 = Release|x64
		{9B69F630-4384-4356-B7E0-0DB1BA8E3D6D}.Release|x64.ActiveCfg = Release|x64
		{9B69F630-4384-4356-B7E0-0DB1BA8E3D6D}.Release|x64.Build.0 = Release|x64
		{9B69F630-4384-4356-B7E0-0DB1BA8E3D6D}.Release|x86.ActiveCfg = Release|Win32
		{9B69F630-4384-4356-B7E0-0DB1BA8E3D6D}.Release|x86.Build.0 = Release|Win32
		{DA8A0218-F212-45A0-BC81-54C513164F19}.Debug|Any CPU.ActiveCfg = Debug|x64
		{DA8A0218-F212-45A0-BC81-54C513164F19}.Debug|Any CPU.Build.0 = Debug|x64
		{DA8A0218-F212-45A0-BC81-54C513164F19}.Debug|x64.ActiveCfg = Debug|x64
		{DA8A0218-F212-45A0-BC81-54C513164F19}.Debug|x64.Build.0 = Debug|x64
		{DA8A0218-F212-45A0-BC81-54C513164F19}.Debug|x86.ActiveCfg = Debug|Win32
		{DA8A0218-F212-45A0-BC81-54C513164F19}.Debug|x86.Build.0 = Debug|Win32
		{DA8A0218-F212-45A0-BC81-54C513164F19}.Release|Any CPU.ActiveCfg = Release|x64
		{DA8A0218-F212-45A0-BC81-54C513164F19}.Release|Any CPU.Build.0 = Release|x64
		{DA8A0218-F212-45A0-BC81-54C513164F19}.Release|x64.ActiveCfg = Release|x64
		{DA8A0218-F212-45A0-BC81-54C513164F19}.Release|x64.Build.0 = Release|x64
		{DA8A0218-F212-45A0-BC81-54C513164F19}.Release|x86.ActiveCfg = Release|Win32
		{DA8A0218-F212-45A0-BC81-54C513164F19}.Release|x86.Build.0 = Release|Win32
		{A9079C9F-58E9-479C-9B06-AD105F09282B}.Debug|Any CPU.ActiveCfg = Debug|x64
		{A9079C9F-58E9-479C-9B06-AD105F09282B}.Debug|Any CPU.Build.0 = Debug|x64
		{A9079C9F-58E9-479C-9B06-AD105F09282B}.Debug|x64.ActiveCfg = Debug|x64
		{A9079C9F-58E9-479C-9B06-AD105F09282B}.Debug|x64.Build.0 = Debug|x64
		{A9079C9F-58E9-479C-9B06-AD105F09282B}.Debug|x86.ActiveCfg = Debug|Win32
		{A9079C9F-58E9-479C-9B06-AD105F09282B}.Debug|x86.Build.0 = Debug|Win32
		{A9079C9F-58E9-479C-9B06-AD105F09282B}.Release|Any CPU.ActiveCfg = Release|x64
		{A9079C9F-58E9-479C-9B06-AD105F09282B}.Release|Any CPU.Build.0 = Release|x64
		{A9079C9F-58E9-479C-9B06-AD105F09282B}.Release|x64.ActiveCfg = Release|x64
		{A9079C9F-58E9-479C-9B06-AD105F09282B}.Release|x64.Build.0 = Release|x64
		{A9079C9F-58E9-479C-9B06-AD105F09282B}.Release|x86.ActiveCfg = Release|Win32
		{A9079C9F-58E9-479C-9B06-AD105F09282B}.Release|x86.Build.0 = Release|Win32
		{06486309-4BFE-4F74-9DB8-CFE95387FFAE}.Debug|Any CPU.ActiveCfg = Debug|x64
		{06486309-4BFE-4F74-9DB8-CFE95387FFAE}.Debug|Any CPU.Build.0 = Debug|x64
		{06486309-4BFE-4F74-9DB8-CFE95387FFAE}.Debug|x64.ActiveCfg = Debug|x64
		{06486309-4BFE-4F74-9DB8-CFE95387FFAE}.Debug|x64.Build.0 = Debug|x64
		{06486309-4BFE-4F74-9DB8-CFE95387FFAE}.Debug|x86.ActiveCfg = Debug|Win32
		{06486309-4BFE-4F74-9DB8-CFE95387FFAE}.Debug|x86.Build.0 = Debug|Win32
		{06486309-4BFE-4F74-9DB8-CFE95387FFAE}.Release|Any CPU.ActiveCfg = Release|x64
		{06486309-4BFE-4F74-9DB8-CFE95387FFAE}.Release|Any CPU.Build.0 = Release|x64
		{06486309-4BFE-4F74-9DB8-CFE95387FFAE}.Release|x64.ActiveCfg = Release|x64
		{06486309-4BFE-4F74-9DB8-CFE95387FFAE}.Release|x64.Build.0 = Release|x64
		{06486309-4BFE-4F74-9DB8-CFE95387FFAE}.Release|x86.ActiveCfg = Release|Win32
		{06486309-4BFE-4F74-9DB8-CFE95387FFAE}.Release|x86.Build.0 = Release|Win32
		{0F2C6CA1-75FA-4A37-AEDE-2AFD14E555BD}.Debug|Any CPU.ActiveCfg = Debug|x64
		{0F2C6CA1-75FA-4A37-AEDE-2AFD14E555BD}.Debug|Any CPU.Build.0 = Debug|x64
		{0F2C6CA1-75FA-4A37-AEDE-2AFD14E555BD}.Debug|x64.ActiveCfg = Debug|x64
		{0F2C6CA1-75FA-4A37-AEDE-2AFD14E555BD}.Debug|x64.Build.0 = Debug|x64
		{0F2C6CA1-75FA-4A37-AEDE-2AFD14E555BD}.Debug|x86.ActiveCfg = Debug|Win32
		{0F2C6CA1-75FA-4A37-AEDE-2AFD14E555BD}.Debug|x86.Build.0 = Debug|Win32
		{0F2C6CA1-75FA-4A37-AEDE-2AFD14E555BD}.Release|Any CPU.ActiveCfg = Release|x64
		{0F2C6CA1-75FA-4A37-AEDE-2AFD14E555BD}.Release|Any CPU.Build.0 = Release|x64
		{0F2C6CA1-75FA-4A37-AEDE-2AFD14E555BD}.Release|x64.ActiveCfg = Release|x64
		{0F2C6CA1-75FA-4A37-AEDE-2AFD14E555BD}.Release|x64.Build.0 = Release|x64
		{0F2C6CA1-75FA-4A37-AEDE-2AFD14E555BD}.Release|x86.ActiveCfg = Release|Win32
		{0F2C6CA1-75FA-4A37-AEDE-2AFD14E555BD}.Release|x86.Build.0 = Release|Win32
		{2D2EBC58-381F-496B-948C-D65DE2EB4736}.Debug|Any CPU.ActiveCfg = Debug|x64
		{2D2EBC58-381F-496B-948C-D65DE2EB4736}.Debug|Any CPU.Build.0 = Debug|x64
		{2D2EBC58-381F-496B-948C-D65DE2EB4736}.Debug|x64.ActiveCfg = Debug|x64
		{2D2EBC58-381F-496B-948C-D65DE2EB4736}.Debug|x64.Build.0 = Debug|x64
		{2D2EBC58-381F-496B-948C-D65DE2EB4736}.Debug|x86.ActiveCfg = Debug|Win32
		{2D2EBC58-381F-496B-948C-D65DE2EB4736}.Debug|x86.Build.0 = Debug|Win32
		{2D2EBC58-381F-496B-948C-D65DE2EB4736}.Release|Any CPU.ActiveCfg = Release|x64
		{2D2EBC58-381F-496B-948C-D65DE2EB4736}.Release|Any CPU.Build.0 = Release|x64
		{2D2EBC58-381F-496B-948C-D65DE2EB4736}.Release|x64.ActiveCfg = Release|x64
		{2D2EBC58-381F-496B-948C-D65DE2EB4736}.Release|x64.Build.0 = Release|x64
		{2D2EBC58-381F-496B-948C-D65DE2EB4736}.Release|x86.ActiveCfg = Release|Win32
		{2D2EBC58-381F-496B-948C-D65DE2EB4736}.Release|x86.Build.0 = Release|Win32
		{6C993F95-DD85-4CA2-ABDC-D2CA176823E4}.Debug|Any CPU.ActiveCfg = Debug|x64
		{6C993F95-DD85-4CA2-ABDC-D2CA176823E4}.Debug|Any CPU.Build.0 = Debug|x64
		{6C993F95-DD85-4CA2-ABDC-D2CA176823E4}.Debug|x64.ActiveCfg = Debug|x64
		{6C993F95-DD85-4CA2-ABDC-D2CA176823E4}.Debug|x64.Build.0 = Debug|x64
		{6C993F95-DD85-4CA2-ABDC-D2CA176823E4}.Debug|x86.ActiveCfg = Debug|Win32
		{6C993F95-DD85-4CA2-ABDC-D2CA176823E4}.Debug|x86.Build.0 = Debug|Win32
		{6C993F95-DD85-4CA2-ABDC-D2CA176823E4}.Release|Any CPU.ActiveCfg = Release|x64
		{6C993F95-DD85-4CA2-ABDC-D2CA176823E4}.Release|Any CPU.Build.0 = Release|x64
		{6C993F95-DD85-4CA2-ABDC-D2CA176823E4}.Release|x64.ActiveCfg = Release|x64
		{6C993F95-DD85-4CA2-ABDC-D2CA176823E4}.Release|x64.Build.0 = Release|x64
		{6C993F95-DD85-4CA2-ABDC-D2CA176823E4}.Release|x86.ActiveCfg = Release|Win32
		{6C993F95-DD85-4CA2-ABDC-D2CA176823E4}.Release|x86.Build.0 = Release|Win32
		{47EB4D0C-CBCE-4B85-95DC-59A36F30CC6F}.Debug|Any CPU.ActiveCfg = Debug|x64
		{47EB4D0C-CBCE-4B85-95DC-59A36F30CC6F}.Debug|Any CPU.Build.0 = Debug|x64
		{47EB4D0C-CBCE-4B85-95DC-59A36F30CC6F}.Debug|x64.ActiveCfg = Debug|x64
		{47EB4D0C-CBCE-4B85-95DC-59A36F30CC6F}.Debug|x64.Build.0 = Debug|x64
		{47EB4D0C-CBCE-4B85-95DC-59A36F30CC6F}.Debug|x86.ActiveCfg = Debug|Win32
		{47EB4D0C-CBCE-4B85-95DC-59A36F30CC6F}.Debug|x86.Build.0 = Debug|Win32
		{47EB4D0C-CBCE-4B85-95DC-59A36F30CC6F}.Release|Any CPU.ActiveCfg = Release|x64
		{47EB4D0C-CBCE-4B85-95DC-59A36F30CC6F}.Release|Any CPU.Build.0 = Release|x64
		{47EB4D0C-CBCE-4B85-95DC-59A36F30CC6F}.Release|x64.ActiveCfg = Release|x64
		{47EB4D0C-CBCE-4B85-95DC-59A36F30CC6F}.Release|x64.Build.0 = Release|x64
		{47EB4D0C-CBCE-4B85-95DC-59A36F30CC6F}.Release|x86.ActiveCfg = Release|Win32
		{47EB4D0C-CBCE-4B85-95DC-59A36F30CC6F}.Release|x86.Build.0 = Release|Win32
		{8911CBF5-C483-4AAC-B8FC-18DBC9E9C0D7}.Debug|Any CPU.ActiveCfg = Debug|x64
		{8911CBF5-C483-4AAC-B8FC-18DBC9E9C0D7}.Debug|Any CPU.Build.0 = Debug|x64
		{8911CBF5-C483-4AAC-B8FC-18DBC9E9C0D7}.Debug|x64.ActiveCfg = Debug|x64
		{8911CBF5-C483-4AAC-B8FC-18DBC9E9C0D7}.Debug|x64.Build.0 = Debug|x64
		{8911CBF5-C483-4AAC-B8FC-18DBC9E9C0D7}.Debug|x86.ActiveCfg = Debug|Win32
		{8911CBF5-C483-4AAC-B8FC-18DBC9E9C0D7}.Debug|x86.Build.0 = Debug|Win32
		{8911CBF5-C483-4AAC-B8FC-18DBC9E9C0D7}.Release|Any CPU.ActiveCfg = Release|x64
		{8911CBF5-C483-4AAC-B8FC-18DBC9E9C0D7}.Release|Any CPU.Build.0 = Release|x64
		{8911CBF5-C483-4AAC-B8FC-18DBC9E9C0D7}.Release|x64.ActiveCfg = Release|x64
		{8911CBF5-C483-4AAC-B8FC-18DBC9E9C0D7}.Release|x64.Build.0 = Release|x64
		{8911CBF5-C483-4AAC-B8FC-18DBC9E9C0D7}.Release|x86.ActiveCfg = Release|Win32
		{8911CBF5-C483-4AAC-B8FC-18DBC9E9C0D7}.Release|x86.Build.0 = Release|Win32
		{5C467117-16AA-46E9-AA06-68BEBD2E98E4}.Debug|Any CPU.ActiveCfg = Debug|Any CPU
		{5C467117-16AA-46E9-AA06-68BEBD2E98E4}.Debug|Any CPU.Build.0 = Debug|Any CPU
		{5C467117-16AA-46E9-AA06-68BEBD2E98E4}.Debug|x64.ActiveCfg = Debug|Any CPU
		{5C467117-16AA-46E9-AA06-68BEBD2E98E4}.Debug|x64.Build.0 = Debug|Any CPU
		{5C467117-16AA-46E9-AA06-68BEBD2E98E4}.Debug|x86.ActiveCfg = Debug|Any CPU
		{5C467117-16AA-46E9-AA06-68BEBD2E98E4}.Debug|x86.Build.0 = Debug|Any CPU
		{5C467117-16AA-46E9-AA06-68BEBD2E98E4}.Release|Any CPU.ActiveCfg = Release|Any CPU
		{5C467117-16AA-46E9-AA06-68BEBD2E98E4}.Release|Any CPU.Build.0 = Release|Any CPU
		{5C467117-16AA-46E9-AA06-68BEBD2E98E4}.Release|x64.ActiveCfg = Release|Any CPU
		{5C467117-16AA-46E9-AA06-68BEBD2E98E4}.Release|x64.Build.0 = Release|Any CPU
		{5C467117-16AA-46E9-AA06-68BEBD2E98E4}.Release|x86.ActiveCfg = Release|Any CPU
		{5C467117-16AA-46E9-AA06-68BEBD2E98E4}.Release|x86.Build.0 = Release|Any CPU
		{92FFE7D6-630C-4488-AE82-29354C737E7C}.Debug|Any CPU.ActiveCfg = Debug|Any CPU
		{92FFE7D6-630C-4488-AE82-29354C737E7C}.Debug|Any CPU.Build.0 = Debug|Any CPU
		{92FFE7D6-630C-4488-AE82-29354C737E7C}.Debug|x64.ActiveCfg = Debug|Any CPU
		{92FFE7D6-630C-4488-AE82-29354C737E7C}.Debug|x64.Build.0 = Debug|Any CPU
		{92FFE7D6-630C-4488-AE82-29354C737E7C}.Debug|x86.ActiveCfg = Debug|Any CPU
		{92FFE7D6-630C-4488-AE82-29354C737E7C}.Debug|x86.Build.0 = Debug|Any CPU
		{92FFE7D6-630C-4488-AE82-29354C737E7C}.Release|Any CPU.ActiveCfg = Release|Any CPU
		{92FFE7D6-630C-4488-AE82-29354C737E7C}.Release|Any CPU.Build.0 = Release|Any CPU
		{92FFE7D6-630C-4488-AE82-29354C737E7C}.Release|x64.ActiveCfg = Release|Any CPU
		{92FFE7D6-630C-4488-AE82-29354C737E7C}.Release|x64.Build.0 = Release|Any CPU
		{92FFE7D6-630C-4488-AE82-29354C737E7C}.Release|x86.ActiveCfg = Release|Any CPU
		{92FFE7D6-630C-4488-AE82-29354C737E7C}.Release|x86.Build.0 = Release|Any CPU
		{3ED980A2-45F4-429D-92FA-6DFAF001DCF9}.Debug|Any CPU.ActiveCfg = Debug|x64
		{3ED980A2-45F4-429D-92FA-6DFAF001DCF9}.Debug|Any CPU.Build.0 = Debug|x64
		{3ED980A2-45F4-429D-92FA-6DFAF001DCF9}.Debug|x64.ActiveCfg = Debug|x64
		{3ED980A2-45F4-429D-92FA-6DFAF001DCF9}.Debug|x64.Build.0 = Debug|x64
		{3ED980A2-45F4-429D-92FA-6DFAF001DCF9}.Debug|x86.ActiveCfg = Debug|Win32
		{3ED980A2-45F4-429D-92FA-6DFAF001DCF9}.Debug|x86.Build.0 = Debug|Win32
		{3ED980A2-45F4-429D-92FA-6DFAF001DCF9}.Release|Any CPU.ActiveCfg = Release|x64
		{3ED980A2-45F4-429D-92FA-6DFAF001DCF9}.Release|Any CPU.Build.0 = Release|x64
		{3ED980A2-45F4-429D-92FA-6DFAF001DCF9}.Release|x64.ActiveCfg = Release|x64
		{3ED980A2-45F4-429D-92FA-6DFAF001DCF9}.Release|x64.Build.0 = Release|x64
		{3ED980A2-45F4-429D-92FA-6DFAF001DCF9}.Release|x86.ActiveCfg = Release|Win32
		{3ED980A2-45F4-429D-92FA-6DFAF001DCF9}.Release|x86.Build.0 = Release|Win32
		{C6553C2A-DA14-4279-8832-67FD539F8292}.Debug|Any CPU.ActiveCfg = Debug|x64
		{C6553C2A-DA14-4279-8832-67FD539F8292}.Debug|Any CPU.Build.0 = Debug|x64
		{C6553C2A-DA14-4279-8832-67FD539F8292}.Debug|x64.ActiveCfg = Debug|x64
		{C6553C2A-DA14-4279-8832-67FD539F8292}.Debug|x64.Build.0 = Debug|x64
		{C6553C2A-DA14-4279-8832-67FD539F8292}.Debug|x86.ActiveCfg = Debug|Win32
		{C6553C2A-DA14-4279-8832-67FD539F8292}.Debug|x86.Build.0 = Debug|Win32
		{C6553C2A-DA14-4279-8832-67FD539F8292}.Release|Any CPU.ActiveCfg = Release|x64
		{C6553C2A-DA14-4279-8832-67FD539F8292}.Release|Any CPU.Build.0 = Release|x64
		{C6553C2A-DA14-4279-8832-67FD539F8292}.Release|x64.ActiveCfg = Release|x64
		{C6553C2A-DA14-4279-8832-67FD539F8292}.Release|x64.Build.0 = Release|x64
		{C6553C2A-DA14-4279-8832-67FD539F8292}.Release|x86.ActiveCfg = Release|Win32
		{C6553C2A-DA14-4279-8832-67FD539F8292}.Release|x86.Build.0 = Release|Win32
		{A3DA8489-E0D8-4B66-A48D-64FB6013ADE6}.Debug|Any CPU.ActiveCfg = Debug|x64
		{A3DA8489-E0D8-4B66-A48D-64FB6013ADE6}.Debug|Any CPU.Build.0 = Debug|x64
		{A3DA8489-E0D8-4B66-A48D-64FB6013ADE6}.Debug|x64.ActiveCfg = Debug|x64
		{A3DA8489-E0D8-4B66-A48D-64FB6013ADE6}.Debug|x64.Build.0 = Debug|x64
		{A3DA8489-E0D8-4B66-A48D-64FB6013ADE6}.Debug|x86.ActiveCfg = Debug|Win32
		{A3DA8489-E0D8-4B66-A48D-64FB6013ADE6}.Debug|x86.Build.0 = Debug|Win32
		{A3DA8489-E0D8-4B66-A48D-64FB6013ADE6}.Release|Any CPU.ActiveCfg = Release|x64
		{A3DA8489-E0D8-4B66-A48D-64FB6013ADE6}.Release|Any CPU.Build.0 = Release|x64
		{A3DA8489-E0D8-4B66-A48D-64FB6013ADE6}.Release|x64.ActiveCfg = Release|x64
		{A3DA8489-E0D8-4B66-A48D-64FB6013ADE6}.Release|x64.Build.0 = Release|x64
		{A3DA8489-E0D8-4B66-A48D-64FB6013ADE6}.Release|x86.ActiveCfg = Release|Win32
		{A3DA8489-E0D8-4B66-A48D-64FB6013ADE6}.Release|x86.Build.0 = Release|Win32
		{342C3E1A-8882-48B1-8BD5-0226F3A7D0D9}.Debug|Any CPU.ActiveCfg = Debug|Any CPU
		{342C3E1A-8882-48B1-8BD5-0226F3A7D0D9}.Debug|Any CPU.Build.0 = Debug|Any CPU
		{342C3E1A-8882-48B1-8BD5-0226F3A7D0D9}.Debug|x64.ActiveCfg = Debug|Any CPU
		{342C3E1A-8882-48B1-8BD5-0226F3A7D0D9}.Debug|x64.Build.0 = Debug|Any CPU
		{342C3E1A-8882-48B1-8BD5-0226F3A7D0D9}.Debug|x86.ActiveCfg = Debug|Any CPU
		{342C3E1A-8882-48B1-8BD5-0226F3A7D0D9}.Debug|x86.Build.0 = Debug|Any CPU
		{342C3E1A-8882-48B1-8BD5-0226F3A7D0D9}.Release|Any CPU.ActiveCfg = Release|Any CPU
		{342C3E1A-8882-48B1-8BD5-0226F3A7D0D9}.Release|Any CPU.Build.0 = Release|Any CPU
		{342C3E1A-8882-48B1-8BD5-0226F3A7D0D9}.Release|x64.ActiveCfg = Release|Any CPU
		{342C3E1A-8882-48B1-8BD5-0226F3A7D0D9}.Release|x64.Build.0 = Release|Any CPU
		{342C3E1A-8882-48B1-8BD5-0226F3A7D0D9}.Release|x86.ActiveCfg = Release|Any CPU
		{342C3E1A-8882-48B1-8BD5-0226F3A7D0D9}.Release|x86.Build.0 = Release|Any CPU
		{DC64465C-E921-400B-957E-9C6A9C9AE468}.Debug|Any CPU.ActiveCfg = Debug|x64
		{DC64465C-E921-400B-957E-9C6A9C9AE468}.Debug|Any CPU.Build.0 = Debug|x64
		{DC64465C-E921-400B-957E-9C6A9C9AE468}.Debug|x64.ActiveCfg = Debug|x64
		{DC64465C-E921-400B-957E-9C6A9C9AE468}.Debug|x64.Build.0 = Debug|x64
		{DC64465C-E921-400B-957E-9C6A9C9AE468}.Debug|x86.ActiveCfg = Debug|Win32
		{DC64465C-E921-400B-957E-9C6A9C9AE468}.Debug|x86.Build.0 = Debug|Win32
		{DC64465C-E921-400B-957E-9C6A9C9AE468}.Release|Any CPU.ActiveCfg = Release|x64
		{DC64465C-E921-400B-957E-9C6A9C9AE468}.Release|Any CPU.Build.0 = Release|x64
		{DC64465C-E921-400B-957E-9C6A9C9AE468}.Release|x64.ActiveCfg = Release|x64
		{DC64465C-E921-400B-957E-9C6A9C9AE468}.Release|x64.Build.0 = Release|x64
		{DC64465C-E921-400B-957E-9C6A9C9AE468}.Release|x86.ActiveCfg = Release|Win32
		{DC64465C-E921-400B-957E-9C6A9C9AE468}.Release|x86.Build.0 = Release|Win32
		{EB331202-823A-4775-BDB3-DA49BE58529E}.Debug|Any CPU.ActiveCfg = Debug|Any CPU
		{EB331202-823A-4775-BDB3-DA49BE58529E}.Debug|Any CPU.Build.0 = Debug|Any CPU
		{EB331202-823A-4775-BDB3-DA49BE58529E}.Debug|x64.ActiveCfg = Debug|Any CPU
		{EB331202-823A-4775-BDB3-DA49BE58529E}.Debug|x64.Build.0 = Debug|Any CPU
		{EB331202-823A-4775-BDB3-DA49BE58529E}.Debug|x86.ActiveCfg = Debug|Any CPU
		{EB331202-823A-4775-BDB3-DA49BE58529E}.Debug|x86.Build.0 = Debug|Any CPU
		{EB331202-823A-4775-BDB3-DA49BE58529E}.Release|Any CPU.ActiveCfg = Release|Any CPU
		{EB331202-823A-4775-BDB3-DA49BE58529E}.Release|Any CPU.Build.0 = Release|Any CPU
		{EB331202-823A-4775-BDB3-DA49BE58529E}.Release|x64.ActiveCfg = Release|Any CPU
		{EB331202-823A-4775-BDB3-DA49BE58529E}.Release|x64.Build.0 = Release|Any CPU
		{EB331202-823A-4775-BDB3-DA49BE58529E}.Release|x86.ActiveCfg = Release|Any CPU
		{EB331202-823A-4775-BDB3-DA49BE58529E}.Release|x86.Build.0 = Release|Any CPU
		{77FBEF8E-C790-4ED5-8A94-3B0A0A8AC702}.Debug|Any CPU.ActiveCfg = Debug|Any CPU
		{77FBEF8E-C790-4ED5-8A94-3B0A0A8AC702}.Debug|Any CPU.Build.0 = Debug|Any CPU
		{77FBEF8E-C790-4ED5-8A94-3B0A0A8AC702}.Debug|x64.ActiveCfg = Debug|Any CPU
		{77FBEF8E-C790-4ED5-8A94-3B0A0A8AC702}.Debug|x64.Build.0 = Debug|Any CPU
		{77FBEF8E-C790-4ED5-8A94-3B0A0A8AC702}.Debug|x86.ActiveCfg = Debug|Any CPU
		{77FBEF8E-C790-4ED5-8A94-3B0A0A8AC702}.Debug|x86.Build.0 = Debug|Any CPU
		{77FBEF8E-C790-4ED5-8A94-3B0A0A8AC702}.Release|Any CPU.ActiveCfg = Release|Any CPU
		{77FBEF8E-C790-4ED5-8A94-3B0A0A8AC702}.Release|Any CPU.Build.0 = Release|Any CPU
		{77FBEF8E-C790-4ED5-8A94-3B0A0A8AC702}.Release|x64.ActiveCfg = Release|Any CPU
		{77FBEF8E-C790-4ED5-8A94-3B0A0A8AC702}.Release|x64.Build.0 = Release|Any CPU
		{77FBEF8E-C790-4ED5-8A94-3B0A0A8AC702}.Release|x86.ActiveCfg = Release|Any CPU
		{77FBEF8E-C790-4ED5-8A94-3B0A0A8AC702}.Release|x86.Build.0 = Release|Any CPU
		{7BB09ACC-4377-42DD-A2EC-F6A650C9A910}.Debug|Any CPU.ActiveCfg = Debug|x64
		{7BB09ACC-4377-42DD-A2EC-F6A650C9A910}.Debug|Any CPU.Build.0 = Debug|x64
		{7BB09ACC-4377-42DD-A2EC-F6A650C9A910}.Debug|x64.ActiveCfg = Debug|x64
		{7BB09ACC-4377-42DD-A2EC-F6A650C9A910}.Debug|x64.Build.0 = Debug|x64
		{7BB09ACC-4377-42DD-A2EC-F6A650C9A910}.Debug|x86.ActiveCfg = Debug|Win32
		{7BB09ACC-4377-42DD-A2EC-F6A650C9A910}.Debug|x86.Build.0 = Debug|Win32
		{7BB09ACC-4377-42DD-A2EC-F6A650C9A910}.Release|Any CPU.ActiveCfg = Release|x64
		{7BB09ACC-4377-42DD-A2EC-F6A650C9A910}.Release|Any CPU.Build.0 = Release|x64
		{7BB09ACC-4377-42DD-A2EC-F6A650C9A910}.Release|x64.ActiveCfg = Release|x64
		{7BB09ACC-4377-42DD-A2EC-F6A650C9A910}.Release|x64.Build.0 = Release|x64
		{7BB09ACC-4377-42DD-A2EC-F6A650C9A910}.Release|x86.ActiveCfg = Release|Win32
		{7BB09ACC-4377-42DD-A2EC-F6A650C9A910}.Release|x86.Build.0 = Release|Win32
		{503DAD8A-3AFC-4F40-8317-30C99AC3458D}.Debug|Any CPU.ActiveCfg = Debug|x64
		{503DAD8A-3AFC-4F40-8317-30C99AC3458D}.Debug|Any CPU.Build.0 = Debug|x64
		{503DAD8A-3AFC-4F40-8317-30C99AC3458D}.Debug|x64.ActiveCfg = Debug|x64
		{503DAD8A-3AFC-4F40-8317-30C99AC3458D}.Debug|x64.Build.0 = Debug|x64
		{503DAD8A-3AFC-4F40-8317-30C99AC3458D}.Debug|x86.ActiveCfg = Debug|Win32
		{503DAD8A-3AFC-4F40-8317-30C99AC3458D}.Debug|x86.Build.0 = Debug|Win32
		{503DAD8A-3AFC-4F40-8317-30C99AC3458D}.Release|Any CPU.ActiveCfg = Release|x64
		{503DAD8A-3AFC-4F40-8317-30C99AC3458D}.Release|Any CPU.Build.0 = Release|x64
		{503DAD8A-3AFC-4F40-8317-30C99AC3458D}.Release|x64.ActiveCfg = Release|x64
		{503DAD8A-3AFC-4F40-8317-30C99AC3458D}.Release|x64.Build.0 = Release|x64
		{503DAD8A-3AFC-4F40-8317-30C99AC3458D}.Release|x86.ActiveCfg = Release|Win32
		{503DAD8A-3AFC-4F40-8317-30C99AC3458D}.Release|x86.Build.0 = Release|Win32
	EndGlobalSection
	GlobalSection(SolutionProperties) = preSolution
		HideSolutionNode = FALSE
	EndGlobalSection
	GlobalSection(ExtensibilityGlobals) = postSolution
		SolutionGuid = {ED453E88-EE1E-4CB5-961C-11F05A9CC555}
	EndGlobalSection
EndGlobal
